// !$*UTF8*$!
{
	archiveVersion = 1;
	classes = {
	};
	objectVersion = 55;
	objects = {

/* Begin PBXBuildFile section */
		F50C31E62870A4C300BD5A9A /* ActivityView.swift in Sources */ = {isa = PBXBuildFile; fileRef = F50C31E52870A4C300BD5A9A /* ActivityView.swift */; };
		F50C31EC28720C3200BD5A9A /* Controller.swift in Sources */ = {isa = PBXBuildFile; fileRef = F50C31EB28720C3200BD5A9A /* Controller.swift */; };
		F50C324E28744B6700BD5A9A /* Alamofire.xcframework in Frameworks */ = {isa = PBXBuildFile; fileRef = F5D6930B285CF9FC00150E20 /* Alamofire.xcframework */; };
		F50C324F28744B6700BD5A9A /* Alamofire.xcframework in Embed Frameworks */ = {isa = PBXBuildFile; fileRef = F5D6930B285CF9FC00150E20 /* Alamofire.xcframework */; settings = {ATTRIBUTES = (CodeSignOnCopy, RemoveHeadersOnCopy, ); }; };
		F543BA72285C80D200BD356D /* AppDelegate.swift in Sources */ = {isa = PBXBuildFile; fileRef = F543BA71285C80D200BD356D /* AppDelegate.swift */; };
		F543BA74285C80D200BD356D /* SceneDelegate.swift in Sources */ = {isa = PBXBuildFile; fileRef = F543BA73285C80D200BD356D /* SceneDelegate.swift */; };
		F543BA79285C80D200BD356D /* Main.storyboard in Resources */ = {isa = PBXBuildFile; fileRef = F543BA77285C80D200BD356D /* Main.storyboard */; };
		F543BA7B285C80D500BD356D /* Assets.xcassets in Resources */ = {isa = PBXBuildFile; fileRef = F543BA7A285C80D500BD356D /* Assets.xcassets */; };
		F543BA7E285C80D500BD356D /* LaunchScreen.storyboard in Resources */ = {isa = PBXBuildFile; fileRef = F543BA7C285C80D500BD356D /* LaunchScreen.storyboard */; };
		F543BA89285C80D500BD356D /* MortifyTests.swift in Sources */ = {isa = PBXBuildFile; fileRef = F543BA88285C80D500BD356D /* MortifyTests.swift */; };
		F543BA93285C80D500BD356D /* MortifyUITests.swift in Sources */ = {isa = PBXBuildFile; fileRef = F543BA92285C80D500BD356D /* MortifyUITests.swift */; };
		F543BA95285C80D500BD356D /* MortifyUITestsLaunchTests.swift in Sources */ = {isa = PBXBuildFile; fileRef = F543BA94285C80D500BD356D /* MortifyUITestsLaunchTests.swift */; };
		F5D69311285CFADB00150E20 /* Networking.swift in Sources */ = {isa = PBXBuildFile; fileRef = F5D69310285CFADB00150E20 /* Networking.swift */; };
		F5D69313285E68DB00150E20 /* ApiModel.swift in Sources */ = {isa = PBXBuildFile; fileRef = F5D69312285E68DA00150E20 /* ApiModel.swift */; };
		F5D8C0B928637E5500B5E907 /* WebViewController.swift in Sources */ = {isa = PBXBuildFile; fileRef = F5D8C0B828637E5500B5E907 /* WebViewController.swift */; };
		F5D8C0BB28639A7A00B5E907 /* ErrorInfoVC.swift in Sources */ = {isa = PBXBuildFile; fileRef = F5D8C0BA28639A7A00B5E907 /* ErrorInfoVC.swift */; };
/* End PBXBuildFile section */

/* Begin PBXContainerItemProxy section */
		F543BA85285C80D500BD356D /* PBXContainerItemProxy */ = {
			isa = PBXContainerItemProxy;
			containerPortal = F543BA66285C80D200BD356D /* Project object */;
			proxyType = 1;
			remoteGlobalIDString = F543BA6D285C80D200BD356D;
			remoteInfo = Mortify;
		};
		F543BA8F285C80D500BD356D /* PBXContainerItemProxy */ = {
			isa = PBXContainerItemProxy;
			containerPortal = F543BA66285C80D200BD356D /* Project object */;
			proxyType = 1;
			remoteGlobalIDString = F543BA6D285C80D200BD356D;
			remoteInfo = Mortify;
		};
/* End PBXContainerItemProxy section */

/* Begin PBXCopyFilesBuildPhase section */
		F50C325028744B6700BD5A9A /* Embed Frameworks */ = {
			isa = PBXCopyFilesBuildPhase;
			buildActionMask = 2147483647;
			dstPath = "";
			dstSubfolderSpec = 10;
			files = (
				F50C324F28744B6700BD5A9A /* Alamofire.xcframework in Embed Frameworks */,
			);
			name = "Embed Frameworks";
			runOnlyForDeploymentPostprocessing = 0;
		};
/* End PBXCopyFilesBuildPhase section */

/* Begin PBXFileReference section */
		F50C31E52870A4C300BD5A9A /* ActivityView.swift */ = {isa = PBXFileReference; lastKnownFileType = sourcecode.swift; path = ActivityView.swift; sourceTree = "<group>"; };
		F50C31EB28720C3200BD5A9A /* Controller.swift */ = {isa = PBXFileReference; lastKnownFileType = sourcecode.swift; path = Controller.swift; sourceTree = "<group>"; };
		F543BA6E285C80D200BD356D /* Mortify.app */ = {isa = PBXFileReference; explicitFileType = wrapper.application; includeInIndex = 0; path = Mortify.app; sourceTree = BUILT_PRODUCTS_DIR; };
		F543BA71285C80D200BD356D /* AppDelegate.swift */ = {isa = PBXFileReference; lastKnownFileType = sourcecode.swift; path = AppDelegate.swift; sourceTree = "<group>"; };
		F543BA73285C80D200BD356D /* SceneDelegate.swift */ = {isa = PBXFileReference; lastKnownFileType = sourcecode.swift; path = SceneDelegate.swift; sourceTree = "<group>"; };
		F543BA78285C80D200BD356D /* Base */ = {isa = PBXFileReference; lastKnownFileType = file.storyboard; name = Base; path = Base.lproj/Main.storyboard; sourceTree = "<group>"; };
		F543BA7A285C80D500BD356D /* Assets.xcassets */ = {isa = PBXFileReference; lastKnownFileType = folder.assetcatalog; path = Assets.xcassets; sourceTree = "<group>"; };
		F543BA7D285C80D500BD356D /* Base */ = {isa = PBXFileReference; lastKnownFileType = file.storyboard; name = Base; path = Base.lproj/LaunchScreen.storyboard; sourceTree = "<group>"; };
		F543BA7F285C80D500BD356D /* Info.plist */ = {isa = PBXFileReference; lastKnownFileType = text.plist.xml; path = Info.plist; sourceTree = "<group>"; };
		F543BA84285C80D500BD356D /* MortifyTests.xctest */ = {isa = PBXFileReference; explicitFileType = wrapper.cfbundle; includeInIndex = 0; path = MortifyTests.xctest; sourceTree = BUILT_PRODUCTS_DIR; };
		F543BA88285C80D500BD356D /* MortifyTests.swift */ = {isa = PBXFileReference; lastKnownFileType = sourcecode.swift; path = MortifyTests.swift; sourceTree = "<group>"; };
		F543BA8E285C80D500BD356D /* MortifyUITests.xctest */ = {isa = PBXFileReference; explicitFileType = wrapper.cfbundle; includeInIndex = 0; path = MortifyUITests.xctest; sourceTree = BUILT_PRODUCTS_DIR; };
		F543BA92285C80D500BD356D /* MortifyUITests.swift */ = {isa = PBXFileReference; lastKnownFileType = sourcecode.swift; path = MortifyUITests.swift; sourceTree = "<group>"; };
		F543BA94285C80D500BD356D /* MortifyUITestsLaunchTests.swift */ = {isa = PBXFileReference; lastKnownFileType = sourcecode.swift; path = MortifyUITestsLaunchTests.swift; sourceTree = "<group>"; };
		F5D6930B285CF9FC00150E20 /* Alamofire.xcframework */ = {isa = PBXFileReference; lastKnownFileType = wrapper.xcframework; name = Alamofire.xcframework; path = Carthage/Build/Alamofire.xcframework; sourceTree = "<group>"; };
		F5D69310285CFADB00150E20 /* Networking.swift */ = {isa = PBXFileReference; lastKnownFileType = sourcecode.swift; path = Networking.swift; sourceTree = "<group>"; };
		F5D69312285E68DA00150E20 /* ApiModel.swift */ = {isa = PBXFileReference; lastKnownFileType = sourcecode.swift; path = ApiModel.swift; sourceTree = "<group>"; };
		F5D8C0B828637E5500B5E907 /* WebViewController.swift */ = {isa = PBXFileReference; lastKnownFileType = sourcecode.swift; path = WebViewController.swift; sourceTree = "<group>"; };
		F5D8C0BA28639A7A00B5E907 /* ErrorInfoVC.swift */ = {isa = PBXFileReference; lastKnownFileType = sourcecode.swift; path = ErrorInfoVC.swift; sourceTree = "<group>"; };
/* End PBXFileReference section */

/* Begin PBXFrameworksBuildPhase section */
		F543BA6B285C80D200BD356D /* Frameworks */ = {
			isa = PBXFrameworksBuildPhase;
			buildActionMask = 2147483647;
			files = (
				F50C324E28744B6700BD5A9A /* Alamofire.xcframework in Frameworks */,
			);
			runOnlyForDeploymentPostprocessing = 0;
		};
		F543BA81285C80D500BD356D /* Frameworks */ = {
			isa = PBXFrameworksBuildPhase;
			buildActionMask = 2147483647;
			files = (
			);
			runOnlyForDeploymentPostprocessing = 0;
		};
		F543BA8B285C80D500BD356D /* Frameworks */ = {
			isa = PBXFrameworksBuildPhase;
			buildActionMask = 2147483647;
			files = (
			);
			runOnlyForDeploymentPostprocessing = 0;
		};
/* End PBXFrameworksBuildPhase section */

/* Begin PBXGroup section */
		F50C31E328709BEE00BD5A9A /* Support */ = {
			isa = PBXGroup;
			children = (
				F543BA77285C80D200BD356D /* Main.storyboard */,
				F543BA7A285C80D500BD356D /* Assets.xcassets */,
				F543BA7C285C80D500BD356D /* LaunchScreen.storyboard */,
				F543BA71285C80D200BD356D /* AppDelegate.swift */,
				F543BA73285C80D200BD356D /* SceneDelegate.swift */,
			);
			path = Support;
			sourceTree = "<group>";
		};
		F50C31E428709C0800BD5A9A /* Network */ = {
			isa = PBXGroup;
			children = (
				F5D69310285CFADB00150E20 /* Networking.swift */,
			);
			path = Network;
			sourceTree = "<group>";
		};
		F50C31ED28720C3F00BD5A9A /* Controllers */ = {
			isa = PBXGroup;
			children = (
				F50C31EB28720C3200BD5A9A /* Controller.swift */,
			);
			path = Controllers;
			sourceTree = "<group>";
		};
		F543BA65285C80D200BD356D = {
			isa = PBXGroup;
			children = (
				F5D6930B285CF9FC00150E20 /* Alamofire.xcframework */,
				F543BA70285C80D200BD356D /* Mortify */,
				F543BA87285C80D500BD356D /* MortifyTests */,
				F543BA91285C80D500BD356D /* MortifyUITests */,
				F543BA6F285C80D200BD356D /* Products */,
			);
			sourceTree = "<group>";
		};
		F543BA6F285C80D200BD356D /* Products */ = {
			isa = PBXGroup;
			children = (
				F543BA6E285C80D200BD356D /* Mortify.app */,
				F543BA84285C80D500BD356D /* MortifyTests.xctest */,
				F543BA8E285C80D500BD356D /* MortifyUITests.xctest */,
			);
			name = Products;
			sourceTree = "<group>";
		};
		F543BA70285C80D200BD356D /* Mortify */ = {
			isa = PBXGroup;
			children = (
				F543BA7F285C80D500BD356D /* Info.plist */,
				F50C31ED28720C3F00BD5A9A /* Controllers */,
				F543BAA2285C8CB100BD356D /* View */,
				F543BAA1285C8CA300BD356D /* Model */,
				F50C31E328709BEE00BD5A9A /* Support */,
			);
			path = Mortify;
			sourceTree = "<group>";
		};
		F543BA87285C80D500BD356D /* MortifyTests */ = {
			isa = PBXGroup;
			children = (
				F543BA88285C80D500BD356D /* MortifyTests.swift */,
			);
			path = MortifyTests;
			sourceTree = "<group>";
		};
		F543BA91285C80D500BD356D /* MortifyUITests */ = {
			isa = PBXGroup;
			children = (
				F543BA92285C80D500BD356D /* MortifyUITests.swift */,
				F543BA94285C80D500BD356D /* MortifyUITestsLaunchTests.swift */,
			);
			path = MortifyUITests;
			sourceTree = "<group>";
		};
		F543BAA1285C8CA300BD356D /* Model */ = {
			isa = PBXGroup;
			children = (
				F50C31E428709C0800BD5A9A /* Network */,
				F5D69312285E68DA00150E20 /* ApiModel.swift */,
			);
			path = Model;
			sourceTree = "<group>";
		};
		F543BAA2285C8CB100BD356D /* View */ = {
			isa = PBXGroup;
			children = (
				F5D8C0B828637E5500B5E907 /* WebViewController.swift */,
				F5D8C0BA28639A7A00B5E907 /* ErrorInfoVC.swift */,
				F50C31E52870A4C300BD5A9A /* ActivityView.swift */,
			);
			path = View;
			sourceTree = "<group>";
		};
/* End PBXGroup section */

/* Begin PBXNativeTarget section */
		F543BA6D285C80D200BD356D /* Mortify */ = {
			isa = PBXNativeTarget;
			buildConfigurationList = F543BA98285C80D500BD356D /* Build configuration list for PBXNativeTarget "Mortify" */;
			buildPhases = (
				F543BA6A285C80D200BD356D /* Sources */,
				F543BA6B285C80D200BD356D /* Frameworks */,
				F543BA6C285C80D200BD356D /* Resources */,
				F50C31E72870E8AE00BD5A9A /* ShellScript */,
				F50C325028744B6700BD5A9A /* Embed Frameworks */,
			);
			buildRules = (
			);
			dependencies = (
			);
			name = Mortify;
			productName = Mortify;
			productReference = F543BA6E285C80D200BD356D /* Mortify.app */;
			productType = "com.apple.product-type.application";
		};
		F543BA83285C80D500BD356D /* MortifyTests */ = {
			isa = PBXNativeTarget;
			buildConfigurationList = F543BA9B285C80D500BD356D /* Build configuration list for PBXNativeTarget "MortifyTests" */;
			buildPhases = (
				F543BA80285C80D500BD356D /* Sources */,
				F543BA81285C80D500BD356D /* Frameworks */,
				F543BA82285C80D500BD356D /* Resources */,
			);
			buildRules = (
			);
			dependencies = (
				F543BA86285C80D500BD356D /* PBXTargetDependency */,
			);
			name = MortifyTests;
			productName = MortifyTests;
			productReference = F543BA84285C80D500BD356D /* MortifyTests.xctest */;
			productType = "com.apple.product-type.bundle.unit-test";
		};
		F543BA8D285C80D500BD356D /* MortifyUITests */ = {
			isa = PBXNativeTarget;
			buildConfigurationList = F543BA9E285C80D500BD356D /* Build configuration list for PBXNativeTarget "MortifyUITests" */;
			buildPhases = (
				F543BA8A285C80D500BD356D /* Sources */,
				F543BA8B285C80D500BD356D /* Frameworks */,
				F543BA8C285C80D500BD356D /* Resources */,
			);
			buildRules = (
			);
			dependencies = (
				F543BA90285C80D500BD356D /* PBXTargetDependency */,
			);
			name = MortifyUITests;
			productName = MortifyUITests;
			productReference = F543BA8E285C80D500BD356D /* MortifyUITests.xctest */;
			productType = "com.apple.product-type.bundle.ui-testing";
		};
/* End PBXNativeTarget section */

/* Begin PBXProject section */
		F543BA66285C80D200BD356D /* Project object */ = {
			isa = PBXProject;
			attributes = {
				BuildIndependentTargetsInParallel = 1;
				LastSwiftUpdateCheck = 1300;
				LastUpgradeCheck = 1300;
				TargetAttributes = {
					F543BA6D285C80D200BD356D = {
						CreatedOnToolsVersion = 13.0;
					};
					F543BA83285C80D500BD356D = {
						CreatedOnToolsVersion = 13.0;
						TestTargetID = F543BA6D285C80D200BD356D;
					};
					F543BA8D285C80D500BD356D = {
						CreatedOnToolsVersion = 13.0;
						TestTargetID = F543BA6D285C80D200BD356D;
					};
				};
			};
			buildConfigurationList = F543BA69285C80D200BD356D /* Build configuration list for PBXProject "Mortify" */;
			compatibilityVersion = "Xcode 13.0";
			developmentRegion = en;
			hasScannedForEncodings = 0;
			knownRegions = (
				en,
				Base,
			);
			mainGroup = F543BA65285C80D200BD356D;
			productRefGroup = F543BA6F285C80D200BD356D /* Products */;
			projectDirPath = "";
			projectRoot = "";
			targets = (
				F543BA6D285C80D200BD356D /* Mortify */,
				F543BA83285C80D500BD356D /* MortifyTests */,
				F543BA8D285C80D500BD356D /* MortifyUITests */,
			);
		};
/* End PBXProject section */

/* Begin PBXResourcesBuildPhase section */
		F543BA6C285C80D200BD356D /* Resources */ = {
			isa = PBXResourcesBuildPhase;
			buildActionMask = 2147483647;
			files = (
				F543BA7E285C80D500BD356D /* LaunchScreen.storyboard in Resources */,
				F543BA7B285C80D500BD356D /* Assets.xcassets in Resources */,
				F543BA79285C80D200BD356D /* Main.storyboard in Resources */,
			);
			runOnlyForDeploymentPostprocessing = 0;
		};
		F543BA82285C80D500BD356D /* Resources */ = {
			isa = PBXResourcesBuildPhase;
			buildActionMask = 2147483647;
			files = (
			);
			runOnlyForDeploymentPostprocessing = 0;
		};
		F543BA8C285C80D500BD356D /* Resources */ = {
			isa = PBXResourcesBuildPhase;
			buildActionMask = 2147483647;
			files = (
			);
			runOnlyForDeploymentPostprocessing = 0;
		};
/* End PBXResourcesBuildPhase section */

/* Begin PBXShellScriptBuildPhase section */
		F50C31E72870E8AE00BD5A9A /* ShellScript */ = {
			isa = PBXShellScriptBuildPhase;
			buildActionMask = 2147483647;
			files = (
			);
			inputFileListPaths = (
			);
			inputPaths = (
			);
			outputFileListPaths = (
			);
			outputPaths = (
			);
			runOnlyForDeploymentPostprocessing = 0;
			shellPath = /bin/sh;
			shellScript = "if which swiftlint >/dev/null; then\n  swiftlint\nelse\n  echo \"warning: SwiftLint not installed, download from https://github.com/realm/SwiftLint\"\nfi\n";
		};
/* End PBXShellScriptBuildPhase section */

/* Begin PBXSourcesBuildPhase section */
		F543BA6A285C80D200BD356D /* Sources */ = {
			isa = PBXSourcesBuildPhase;
			buildActionMask = 2147483647;
			files = (
				F5D69311285CFADB00150E20 /* Networking.swift in Sources */,
				F5D8C0BB28639A7A00B5E907 /* ErrorInfoVC.swift in Sources */,
				F543BA72285C80D200BD356D /* AppDelegate.swift in Sources */,
				F5D69313285E68DB00150E20 /* ApiModel.swift in Sources */,
				F50C31E62870A4C300BD5A9A /* ActivityView.swift in Sources */,
				F543BA74285C80D200BD356D /* SceneDelegate.swift in Sources */,
				F5D8C0B928637E5500B5E907 /* WebViewController.swift in Sources */,
				F50C31EC28720C3200BD5A9A /* Controller.swift in Sources */,
			);
			runOnlyForDeploymentPostprocessing = 0;
		};
		F543BA80285C80D500BD356D /* Sources */ = {
			isa = PBXSourcesBuildPhase;
			buildActionMask = 2147483647;
			files = (
				F543BA89285C80D500BD356D /* MortifyTests.swift in Sources */,
			);
			runOnlyForDeploymentPostprocessing = 0;
		};
		F543BA8A285C80D500BD356D /* Sources */ = {
			isa = PBXSourcesBuildPhase;
			buildActionMask = 2147483647;
			files = (
				F543BA93285C80D500BD356D /* MortifyUITests.swift in Sources */,
				F543BA95285C80D500BD356D /* MortifyUITestsLaunchTests.swift in Sources */,
			);
			runOnlyForDeploymentPostprocessing = 0;
		};
/* End PBXSourcesBuildPhase section */

/* Begin PBXTargetDependency section */
		F543BA86285C80D500BD356D /* PBXTargetDependency */ = {
			isa = PBXTargetDependency;
			target = F543BA6D285C80D200BD356D /* Mortify */;
			targetProxy = F543BA85285C80D500BD356D /* PBXContainerItemProxy */;
		};
		F543BA90285C80D500BD356D /* PBXTargetDependency */ = {
			isa = PBXTargetDependency;
			target = F543BA6D285C80D200BD356D /* Mortify */;
			targetProxy = F543BA8F285C80D500BD356D /* PBXContainerItemProxy */;
		};
/* End PBXTargetDependency section */

/* Begin PBXVariantGroup section */
		F543BA77285C80D200BD356D /* Main.storyboard */ = {
			isa = PBXVariantGroup;
			children = (
				F543BA78285C80D200BD356D /* Base */,
			);
			name = Main.storyboard;
			sourceTree = "<group>";
		};
		F543BA7C285C80D500BD356D /* LaunchScreen.storyboard */ = {
			isa = PBXVariantGroup;
			children = (
				F543BA7D285C80D500BD356D /* Base */,
			);
			name = LaunchScreen.storyboard;
			sourceTree = "<group>";
		};
/* End PBXVariantGroup section */

/* Begin XCBuildConfiguration section */
		F543BA96285C80D500BD356D /* Debug */ = {
			isa = XCBuildConfiguration;
			buildSettings = {
				ALWAYS_SEARCH_USER_PATHS = NO;
				CLANG_ANALYZER_NONNULL = YES;
				CLANG_ANALYZER_NUMBER_OBJECT_CONVERSION = YES_AGGRESSIVE;
				CLANG_CXX_LANGUAGE_STANDARD = "gnu++17";
				CLANG_CXX_LIBRARY = "libc++";
				CLANG_ENABLE_MODULES = YES;
				CLANG_ENABLE_OBJC_ARC = YES;
				CLANG_ENABLE_OBJC_WEAK = YES;
				CLANG_WARN_BLOCK_CAPTURE_AUTORELEASING = YES;
				CLANG_WARN_BOOL_CONVERSION = YES;
				CLANG_WARN_COMMA = YES;
				CLANG_WARN_CONSTANT_CONVERSION = YES;
				CLANG_WARN_DEPRECATED_OBJC_IMPLEMENTATIONS = YES;
				CLANG_WARN_DIRECT_OBJC_ISA_USAGE = YES_ERROR;
				CLANG_WARN_DOCUMENTATION_COMMENTS = YES;
				CLANG_WARN_EMPTY_BODY = YES;
				CLANG_WARN_ENUM_CONVERSION = YES;
				CLANG_WARN_INFINITE_RECURSION = YES;
				CLANG_WARN_INT_CONVERSION = YES;
				CLANG_WARN_NON_LITERAL_NULL_CONVERSION = YES;
				CLANG_WARN_OBJC_IMPLICIT_RETAIN_SELF = YES;
				CLANG_WARN_OBJC_LITERAL_CONVERSION = YES;
				CLANG_WARN_OBJC_ROOT_CLASS = YES_ERROR;
				CLANG_WARN_QUOTED_INCLUDE_IN_FRAMEWORK_HEADER = YES;
				CLANG_WARN_RANGE_LOOP_ANALYSIS = YES;
				CLANG_WARN_STRICT_PROTOTYPES = YES;
				CLANG_WARN_SUSPICIOUS_MOVE = YES;
				CLANG_WARN_UNGUARDED_AVAILABILITY = YES_AGGRESSIVE;
				CLANG_WARN_UNREACHABLE_CODE = YES;
				CLANG_WARN__DUPLICATE_METHOD_MATCH = YES;
				COPY_PHASE_STRIP = NO;
				DEBUG_INFORMATION_FORMAT = dwarf;
				ENABLE_STRICT_OBJC_MSGSEND = YES;
				ENABLE_TESTABILITY = YES;
				GCC_C_LANGUAGE_STANDARD = gnu11;
				GCC_DYNAMIC_NO_PIC = NO;
				GCC_NO_COMMON_BLOCKS = YES;
				GCC_OPTIMIZATION_LEVEL = 0;
				GCC_PREPROCESSOR_DEFINITIONS = (
					"DEBUG=1",
					"$(inherited)",
				);
				GCC_WARN_64_TO_32_BIT_CONVERSION = YES;
				GCC_WARN_ABOUT_RETURN_TYPE = YES_ERROR;
				GCC_WARN_UNDECLARED_SELECTOR = YES;
				GCC_WARN_UNINITIALIZED_AUTOS = YES_AGGRESSIVE;
				GCC_WARN_UNUSED_FUNCTION = YES;
				GCC_WARN_UNUSED_VARIABLE = YES;
				IPHONEOS_DEPLOYMENT_TARGET = 15.0;
				MTL_ENABLE_DEBUG_INFO = INCLUDE_SOURCE;
				MTL_FAST_MATH = YES;
				ONLY_ACTIVE_ARCH = YES;
				SDKROOT = iphoneos;
				SWIFT_ACTIVE_COMPILATION_CONDITIONS = DEBUG;
				SWIFT_OPTIMIZATION_LEVEL = "-Onone";
			};
			name = Debug;
		};
		F543BA97285C80D500BD356D /* Release */ = {
			isa = XCBuildConfiguration;
			buildSettings = {
				ALWAYS_SEARCH_USER_PATHS = NO;
				CLANG_ANALYZER_NONNULL = YES;
				CLANG_ANALYZER_NUMBER_OBJECT_CONVERSION = YES_AGGRESSIVE;
				CLANG_CXX_LANGUAGE_STANDARD = "gnu++17";
				CLANG_CXX_LIBRARY = "libc++";
				CLANG_ENABLE_MODULES = YES;
				CLANG_ENABLE_OBJC_ARC = YES;
				CLANG_ENABLE_OBJC_WEAK = YES;
				CLANG_WARN_BLOCK_CAPTURE_AUTORELEASING = YES;
				CLANG_WARN_BOOL_CONVERSION = YES;
				CLANG_WARN_COMMA = YES;
				CLANG_WARN_CONSTANT_CONVERSION = YES;
				CLANG_WARN_DEPRECATED_OBJC_IMPLEMENTATIONS = YES;
				CLANG_WARN_DIRECT_OBJC_ISA_USAGE = YES_ERROR;
				CLANG_WARN_DOCUMENTATION_COMMENTS = YES;
				CLANG_WARN_EMPTY_BODY = YES;
				CLANG_WARN_ENUM_CONVERSION = YES;
				CLANG_WARN_INFINITE_RECURSION = YES;
				CLANG_WARN_INT_CONVERSION = YES;
				CLANG_WARN_NON_LITERAL_NULL_CONVERSION = YES;
				CLANG_WARN_OBJC_IMPLICIT_RETAIN_SELF = YES;
				CLANG_WARN_OBJC_LITERAL_CONVERSION = YES;
				CLANG_WARN_OBJC_ROOT_CLASS = YES_ERROR;
				CLANG_WARN_QUOTED_INCLUDE_IN_FRAMEWORK_HEADER = YES;
				CLANG_WARN_RANGE_LOOP_ANALYSIS = YES;
				CLANG_WARN_STRICT_PROTOTYPES = YES;
				CLANG_WARN_SUSPICIOUS_MOVE = YES;
				CLANG_WARN_UNGUARDED_AVAILABILITY = YES_AGGRESSIVE;
				CLANG_WARN_UNREACHABLE_CODE = YES;
				CLANG_WARN__DUPLICATE_METHOD_MATCH = YES;
				COPY_PHASE_STRIP = NO;
				DEBUG_INFORMATION_FORMAT = "dwarf-with-dsym";
				ENABLE_NS_ASSERTIONS = NO;
				ENABLE_STRICT_OBJC_MSGSEND = YES;
				GCC_C_LANGUAGE_STANDARD = gnu11;
				GCC_NO_COMMON_BLOCKS = YES;
				GCC_WARN_64_TO_32_BIT_CONVERSION = YES;
				GCC_WARN_ABOUT_RETURN_TYPE = YES_ERROR;
				GCC_WARN_UNDECLARED_SELECTOR = YES;
				GCC_WARN_UNINITIALIZED_AUTOS = YES_AGGRESSIVE;
				GCC_WARN_UNUSED_FUNCTION = YES;
				GCC_WARN_UNUSED_VARIABLE = YES;
				IPHONEOS_DEPLOYMENT_TARGET = 15.0;
				MTL_ENABLE_DEBUG_INFO = NO;
				MTL_FAST_MATH = YES;
				SDKROOT = iphoneos;
				SWIFT_COMPILATION_MODE = wholemodule;
				SWIFT_OPTIMIZATION_LEVEL = "-O";
				VALIDATE_PRODUCT = YES;
			};
			name = Release;
		};
		F543BA99285C80D500BD356D /* Debug */ = {
			isa = XCBuildConfiguration;
			buildSettings = {
				ASSETCATALOG_COMPILER_APPICON_NAME = AppIcon;
				ASSETCATALOG_COMPILER_GLOBAL_ACCENT_COLOR_NAME = AccentColor;
				CODE_SIGN_STYLE = Automatic;
				CURRENT_PROJECT_VERSION = 1;
				GENERATE_INFOPLIST_FILE = YES;
				INFOPLIST_FILE = Mortify/Info.plist;
				INFOPLIST_KEY_UIApplicationSupportsIndirectInputEvents = YES;
				INFOPLIST_KEY_UILaunchStoryboardName = LaunchScreen;
				INFOPLIST_KEY_UIMainStoryboardFile = Main;
				INFOPLIST_KEY_UISupportedInterfaceOrientations_iPad = "UIInterfaceOrientationPortrait UIInterfaceOrientationPortraitUpsideDown UIInterfaceOrientationLandscapeLeft UIInterfaceOrientationLandscapeRight";
				INFOPLIST_KEY_UISupportedInterfaceOrientations_iPhone = "UIInterfaceOrientationPortrait UIInterfaceOrientationLandscapeLeft UIInterfaceOrientationLandscapeRight";
				LD_RUNPATH_SEARCH_PATHS = (
					"$(inherited)",
					"@executable_path/Frameworks",
				);
				MARKETING_VERSION = 1.0;
				PRODUCT_BUNDLE_IDENTIFIER = Vlad.Mortify;
				PRODUCT_NAME = "$(TARGET_NAME)";
				SWIFT_EMIT_LOC_STRINGS = YES;
				SWIFT_VERSION = 5.0;
				TARGETED_DEVICE_FAMILY = "1,2";
			};
			name = Debug;
		};
		F543BA9A285C80D500BD356D /* Release */ = {
			isa = XCBuildConfiguration;
			buildSettings = {
				ASSETCATALOG_COMPILER_APPICON_NAME = AppIcon;
				ASSETCATALOG_COMPILER_GLOBAL_ACCENT_COLOR_NAME = AccentColor;
				CODE_SIGN_STYLE = Automatic;
				CURRENT_PROJECT_VERSION = 1;
				GENERATE_INFOPLIST_FILE = YES;
				INFOPLIST_FILE = Mortify/Info.plist;
				INFOPLIST_KEY_UIApplicationSupportsIndirectInputEvents = YES;
				INFOPLIST_KEY_UILaunchStoryboardName = LaunchScreen;
				INFOPLIST_KEY_UIMainStoryboardFile = Main;
				INFOPLIST_KEY_UISupportedInterfaceOrientations_iPad = "UIInterfaceOrientationPortrait UIInterfaceOrientationPortraitUpsideDown UIInterfaceOrientationLandscapeLeft UIInterfaceOrientationLandscapeRight";
				INFOPLIST_KEY_UISupportedInterfaceOrientations_iPhone = "UIInterfaceOrientationPortrait UIInterfaceOrientationLandscapeLeft UIInterfaceOrientationLandscapeRight";
				LD_RUNPATH_SEARCH_PATHS = (
					"$(inherited)",
					"@executable_path/Frameworks",
				);
				MARKETING_VERSION = 1.0;
				PRODUCT_BUNDLE_IDENTIFIER = Vlad.Mortify;
				PRODUCT_NAME = "$(TARGET_NAME)";
				SWIFT_EMIT_LOC_STRINGS = YES;
				SWIFT_VERSION = 5.0;
				TARGETED_DEVICE_FAMILY = "1,2";
			};
			name = Release;
		};
		F543BA9C285C80D500BD356D /* Debug */ = {
			isa = XCBuildConfiguration;
			buildSettings = {
				ALWAYS_EMBED_SWIFT_STANDARD_LIBRARIES = YES;
				BUNDLE_LOADER = "$(TEST_HOST)";
				CODE_SIGN_STYLE = Automatic;
				CURRENT_PROJECT_VERSION = 1;
				GENERATE_INFOPLIST_FILE = YES;
				IPHONEOS_DEPLOYMENT_TARGET = 15.0;
				LD_RUNPATH_SEARCH_PATHS = (
					"$(inherited)",
					"@executable_path/Frameworks",
					"@loader_path/Frameworks",
				);
				MARKETING_VERSION = 1.0;
				PRODUCT_BUNDLE_IDENTIFIER = Vlad.MortifyTests;
				PRODUCT_NAME = "$(TARGET_NAME)";
				SWIFT_EMIT_LOC_STRINGS = NO;
				SWIFT_VERSION = 5.0;
				TARGETED_DEVICE_FAMILY = "1,2";
				TEST_HOST = "$(BUILT_PRODUCTS_DIR)/Mortify.app/Mortify";
			};
			name = Debug;
		};
		F543BA9D285C80D500BD356D /* Release */ = {
			isa = XCBuildConfiguration;
			buildSettings = {
				ALWAYS_EMBED_SWIFT_STANDARD_LIBRARIES = YES;
				BUNDLE_LOADER = "$(TEST_HOST)";
				CODE_SIGN_STYLE = Automatic;
				CURRENT_PROJECT_VERSION = 1;
				GENERATE_INFOPLIST_FILE = YES;
				IPHONEOS_DEPLOYMENT_TARGET = 15.0;
				LD_RUNPATH_SEARCH_PATHS = (
					"$(inherited)",
					"@executable_path/Frameworks",
					"@loader_path/Frameworks",
				);
				MARKETING_VERSION = 1.0;
				PRODUCT_BUNDLE_IDENTIFIER = Vlad.MortifyTests;
				PRODUCT_NAME = "$(TARGET_NAME)";
				SWIFT_EMIT_LOC_STRINGS = NO;
				SWIFT_VERSION = 5.0;
				TARGETED_DEVICE_FAMILY = "1,2";
				TEST_HOST = "$(BUILT_PRODUCTS_DIR)/Mortify.app/Mortify";
			};
			name = Release;
		};
		F543BA9F285C80D500BD356D /* Debug */ = {
			isa = XCBuildConfiguration;
			buildSettings = {
				ALWAYS_EMBED_SWIFT_STANDARD_LIBRARIES = YES;
				CODE_SIGN_STYLE = Automatic;
				CURRENT_PROJECT_VERSION = 1;
				GENERATE_INFOPLIST_FILE = YES;
				LD_RUNPATH_SEARCH_PATHS = (
					"$(inherited)",
					"@executable_path/Frameworks",
					"@loader_path/Frameworks",
				);
				MARKETING_VERSION = 1.0;
				PRODUCT_BUNDLE_IDENTIFIER = Vlad.MortifyUITests;
				PRODUCT_NAME = "$(TARGET_NAME)";
				SWIFT_EMIT_LOC_STRINGS = NO;
				SWIFT_VERSION = 5.0;
				TARGETED_DEVICE_FAMILY = "1,2";
				TEST_TARGET_NAME = Mortify;
			};
			name = Debug;
		};
		F543BAA0285C80D500BD356D /* Release */ = {
			isa = XCBuildConfiguration;
			buildSettings = {
				ALWAYS_EMBED_SWIFT_STANDARD_LIBRARIES = YES;
				CODE_SIGN_STYLE = Automatic;
				CURRENT_PROJECT_VERSION = 1;
				GENERATE_INFOPLIST_FILE = YES;
				LD_RUNPATH_SEARCH_PATHS = (
					"$(inherited)",
					"@executable_path/Frameworks",
					"@loader_path/Frameworks",
				);
				MARKETING_VERSION = 1.0;
				PRODUCT_BUNDLE_IDENTIFIER = Vlad.MortifyUITests;
				PRODUCT_NAME = "$(TARGET_NAME)";
				SWIFT_EMIT_LOC_STRINGS = NO;
				SWIFT_VERSION = 5.0;
				TARGETED_DEVICE_FAMILY = "1,2";
				TEST_TARGET_NAME = Mortify;
			};
			name = Release;
		};
/* End XCBuildConfiguration section */

/* Begin XCConfigurationList section */
		F543BA69285C80D200BD356D /* Build configuration list for PBXProject "Mortify" */ = {
			isa = XCConfigurationList;
			buildConfigurations = (
				F543BA96285C80D500BD356D /* Debug */,
				F543BA97285C80D500BD356D /* Release */,
			);
			defaultConfigurationIsVisible = 0;
			defaultConfigurationName = Release;
		};
		F543BA98285C80D500BD356D /* Build configuration list for PBXNativeTarget "Mortify" */ = {
			isa = XCConfigurationList;
			buildConfigurations = (
				F543BA99285C80D500BD356D /* Debug */,
				F543BA9A285C80D500BD356D /* Release */,
			);
			defaultConfigurationIsVisible = 0;
			defaultConfigurationName = Release;
		};
		F543BA9B285C80D500BD356D /* Build configuration list for PBXNativeTarget "MortifyTests" */ = {
			isa = XCConfigurationList;
			buildConfigurations = (
				F543BA9C285C80D500BD356D /* Debug */,
				F543BA9D285C80D500BD356D /* Release */,
			);
			defaultConfigurationIsVisible = 0;
			defaultConfigurationName = Release;
		};
		F543BA9E285C80D500BD356D /* Build configuration list for PBXNativeTarget "MortifyUITests" */ = {
			isa = XCConfigurationList;
			buildConfigurations = (
				F543BA9F285C80D500BD356D /* Debug */,
				F543BAA0285C80D500BD356D /* Release */,
			);
			defaultConfigurationIsVisible = 0;
			defaultConfigurationName = Release;
		};
/* End XCConfigurationList section */
	};
	rootObject = F543BA66285C80D200BD356D /* Project object */;
}
